
Microsoft Visual Studio Solution File, Format Version 12.00
# Visual Studio Version 16
VisualStudioVersion = 16.0.30503.244
MinimumVisualStudioVersion = 10.0.40219.1
Project("{FAE04EC0-301F-11D3-BF4B-00C04F79EFBC}") = "AbstractLawFirm", "AbstractLawFirm\AbstractLawFirm.csproj", "{01D28522-DEF9-42CB-80EE-1EBD20E4C53C}"
EndProject
Project("{9A19103F-16F7-4668-BE54-9A1E7A4F7556}") = "AbstractLawFirmLogic", "AbstractLawFirmLogic\AbstractLawFirmLogic.csproj", "{915AD0E2-5659-4A77-BD4D-97D749FEB6BE}"
EndProject
Project("{FAE04EC0-301F-11D3-BF4B-00C04F79EFBC}") = "LawFirmListImplement", "LawFirmListImplement\LawFirmListImplement.csproj", "{1B2D182E-26B8-43AD-A089-A3A84D15DBE4}"
EndProject
Global
	GlobalSection(SolutionConfigurationPlatforms) = preSolution
		Debug|Any CPU = Debug|Any CPU
		Release|Any CPU = Release|Any CPU
	EndGlobalSection
	GlobalSection(ProjectConfigurationPlatforms) = postSolution
		{01D28522-DEF9-42CB-80EE-1EBD20E4C53C}.Debug|Any CPU.ActiveCfg = Debug|Any CPU
		{01D28522-DEF9-42CB-80EE-1EBD20E4C53C}.Debug|Any CPU.Build.0 = Debug|Any CPU
		{01D28522-DEF9-42CB-80EE-1EBD20E4C53C}.Release|Any CPU.ActiveCfg = Release|Any CPU
		{01D28522-DEF9-42CB-80EE-1EBD20E4C53C}.Release|Any CPU.Build.0 = Release|Any CPU
		{915AD0E2-5659-4A77-BD4D-97D749FEB6BE}.Debug|Any CPU.ActiveCfg = Debug|Any CPU
		{915AD0E2-5659-4A77-BD4D-97D749FEB6BE}.Debug|Any CPU.Build.0 = Debug|Any CPU
		{915AD0E2-5659-4A77-BD4D-97D749FEB6BE}.Release|Any CPU.ActiveCfg = Release|Any CPU
		{915AD0E2-5659-4A77-BD4D-97D749FEB6BE}.Release|Any CPU.Build.0 = Release|Any CPU
		{1B2D182E-26B8-43AD-A089-A3A84D15DBE4}.Debug|Any CPU.ActiveCfg = Debug|Any CPU
		{1B2D182E-26B8-43AD-A089-A3A84D15DBE4}.Debug|Any CPU.Build.0 = Debug|Any CPU
		{1B2D182E-26B8-43AD-A089-A3A84D15DBE4}.Release|Any CPU.ActiveCfg = Release|Any CPU
		{1B2D182E-26B8-43AD-A089-A3A84D15DBE4}.Release|Any CPU.Build.0 = Release|Any CPU
	EndGlobalSection
	GlobalSection(SolutionProperties) = preSolution
		HideSolutionNode = FALSE
	EndGlobalSection
	GlobalSection(ExtensibilityGlobals) = postSolution
		SolutionGuid = {8EBEDC3F-ACEA-493C-A686-8FA368D0D579}
	EndGlobalSection
EndGlobal
